
Microsoft Visual Studio Solution File, Format Version 12.00
# Visual Studio Version 17
VisualStudioVersion = 17.10.34928.147
MinimumVisualStudioVersion = 10.0.40219.1
Project("{FAE04EC0-301F-11D3-BF4B-00C04F79EFBC}") = "E-CommerceAPI", "E-CommerceAPI\E-CommerceAPI.csproj", "{90CD28E8-311E-40EC-8BFF-BFA6750EB594}"
EndProject
Global
	GlobalSection(SolutionConfigurationPlatforms) = preSolution
		Debug|Any CPU = Debug|Any CPU
		Release|Any CPU = Release|Any CPU
	EndGlobalSection
	GlobalSection(ProjectConfigurationPlatforms) = postSolution
		{90CD28E8-311E-40EC-8BFF-BFA6750EB594}.Debug|Any CPU.ActiveCfg = Debug|Any CPU
		{90CD28E8-311E-40EC-8BFF-BFA6750EB594}.Debug|Any CPU.Build.0 = Debug|Any CPU
		{90CD28E8-311E-40EC-8BFF-BFA6750EB594}.Release|Any CPU.ActiveCfg = Release|Any CPU
		{90CD28E8-311E-40EC-8BFF-BFA6750EB594}.Release|Any CPU.Build.0 = Release|Any CPU
	EndGlobalSection
	GlobalSection(SolutionProperties) = preSolution
		HideSolutionNode = FALSE
	EndGlobalSection
	GlobalSection(ExtensibilityGlobals) = postSolution
		SolutionGuid = {9ED85600-EEBB-4E97-8297-BBEE88A1A037}
	EndGlobalSection
EndGlobal
